
Microsoft Visual Studio Solution File, Format Version 12.00
# Visual Studio Version 17
VisualStudioVersion = 17.0.31919.166
MinimumVisualStudioVersion = 10.0.40219.1
Project("{FAE04EC0-301F-11D3-BF4B-00C04F79EFBC}") = "ProjectTest1", "ProjectTest1\ProjectTest1.csproj", "{D9FA995E-B527-40F6-8638-9CABE8DD72E0}"
EndProject
Global
	GlobalSection(SolutionConfigurationPlatforms) = preSolution
		Debug|Any CPU = Debug|Any CPU
		Release|Any CPU = Release|Any CPU
	EndGlobalSection
	GlobalSection(ProjectConfigurationPlatforms) = postSolution
		{D9FA995E-B527-40F6-8638-9CABE8DD72E0}.Debug|Any CPU.ActiveCfg = Debug|Any CPU
		{D9FA995E-B527-40F6-8638-9CABE8DD72E0}.Debug|Any CPU.Build.0 = Debug|Any CPU
		{D9FA995E-B527-40F6-8638-9CABE8DD72E0}.Release|Any CPU.ActiveCfg = Release|Any CPU
		{D9FA995E-B527-40F6-8638-9CABE8DD72E0}.Release|Any CPU.Build.0 = Release|Any CPU
	EndGlobalSection
	GlobalSection(SolutionProperties) = preSolution
		HideSolutionNode = FALSE
	EndGlobalSection
	GlobalSection(ExtensibilityGlobals) = postSolution
		SolutionGuid = {02576055-C77A-4D7D-B1C4-74481DA3424C}
	EndGlobalSection
EndGlobal
